
Microsoft Visual Studio Solution File, Format Version 12.00
# Visual Studio 2013
VisualStudioVersion = 12.0.31101.0
MinimumVisualStudioVersion = 10.0.40219.1
Project("{FAE04EC0-301F-11D3-BF4B-00C04F79EFBC}") = "TestingMongoWithAngular", "TestingMongoWithAngular\TestingMongoWithAngular.csproj", "{009CA7D3-DB30-405D-BDC2-029B11D99958}"
EndProject
Project("{2150E333-8FDC-42A3-9474-1A3956D46DE8}") = ".nuget", ".nuget", "{CD6742A7-A110-4D86-AD58-B1430AD0EC32}"
	ProjectSection(SolutionItems) = preProject
		.nuget\NuGet.Config = .nuget\NuGet.Config
		.nuget\NuGet.exe = .nuget\NuGet.exe
		.nuget\NuGet.targets = .nuget\NuGet.targets
		.nuget\packages.config = .nuget\packages.config
	EndProjectSection
EndProject
Project("{FAE04EC0-301F-11D3-BF4B-00C04F79EFBC}") = "TestingMongo", "TestingMongo\TestingMongo.csproj", "{1DDD54FC-CC41-4EC1-8016-68EB33411804}"
EndProject
Project("{FAE04EC0-301F-11D3-BF4B-00C04F79EFBC}") = "TestingMongo.Mongo", "TestingMongo.Mongo\TestingMongo.Mongo.csproj", "{1FA59B9C-B6D9-445B-96D7-1296F61560BA}"
EndProject
Project("{FAE04EC0-301F-11D3-BF4B-00C04F79EFBC}") = "TestingMongo.Services", "TestingMongo.Services\TestingMongo.Services.csproj", "{F30237AB-1459-4063-9436-9A5272E0DFB0}"
EndProject
Project("{FAE04EC0-301F-11D3-BF4B-00C04F79EFBC}") = "TestingMongo.Api.Tests", "TestingMongo.Api.Tests\TestingMongo.Api.Tests.csproj", "{012BBDEC-CBBD-4D60-AED0-3FB1B18D4530}"
EndProject
Global
	GlobalSection(SolutionConfigurationPlatforms) = preSolution
		Debug|Any CPU = Debug|Any CPU
		Release|Any CPU = Release|Any CPU
	EndGlobalSection
	GlobalSection(ProjectConfigurationPlatforms) = postSolution
		{009CA7D3-DB30-405D-BDC2-029B11D99958}.Debug|Any CPU.ActiveCfg = Debug|Any CPU
		{009CA7D3-DB30-405D-BDC2-029B11D99958}.Debug|Any CPU.Build.0 = Debug|Any CPU
		{009CA7D3-DB30-405D-BDC2-029B11D99958}.Release|Any CPU.ActiveCfg = Release|Any CPU
		{009CA7D3-DB30-405D-BDC2-029B11D99958}.Release|Any CPU.Build.0 = Release|Any CPU
		{1DDD54FC-CC41-4EC1-8016-68EB33411804}.Debug|Any CPU.ActiveCfg = Debug|Any CPU
		{1DDD54FC-CC41-4EC1-8016-68EB33411804}.Debug|Any CPU.Build.0 = Debug|Any CPU
		{1DDD54FC-CC41-4EC1-8016-68EB33411804}.Release|Any CPU.ActiveCfg = Release|Any CPU
		{1DDD54FC-CC41-4EC1-8016-68EB33411804}.Release|Any CPU.Build.0 = Release|Any CPU
		{1FA59B9C-B6D9-445B-96D7-1296F61560BA}.Debug|Any CPU.ActiveCfg = Debug|Any CPU
		{1FA59B9C-B6D9-445B-96D7-1296F61560BA}.Debug|Any CPU.Build.0 = Debug|Any CPU
		{1FA59B9C-B6D9-445B-96D7-1296F61560BA}.Release|Any CPU.ActiveCfg = Release|Any CPU
		{1FA59B9C-B6D9-445B-96D7-1296F61560BA}.Release|Any CPU.Build.0 = Release|Any CPU
		{F30237AB-1459-4063-9436-9A5272E0DFB0}.Debug|Any CPU.ActiveCfg = Debug|Any CPU
		{F30237AB-1459-4063-9436-9A5272E0DFB0}.Debug|Any CPU.Build.0 = Debug|Any CPU
		{F30237AB-1459-4063-9436-9A5272E0DFB0}.Release|Any CPU.ActiveCfg = Release|Any CPU
		{F30237AB-1459-4063-9436-9A5272E0DFB0}.Release|Any CPU.Build.0 = Release|Any CPU
		{012BBDEC-CBBD-4D60-AED0-3FB1B18D4530}.Debug|Any CPU.ActiveCfg = Debug|Any CPU
		{012BBDEC-CBBD-4D60-AED0-3FB1B18D4530}.Debug|Any CPU.Build.0 = Debug|Any CPU
		{012BBDEC-CBBD-4D60-AED0-3FB1B18D4530}.Release|Any CPU.ActiveCfg = Release|Any CPU
		{012BBDEC-CBBD-4D60-AED0-3FB1B18D4530}.Release|Any CPU.Build.0 = Release|Any CPU
	EndGlobalSection
	GlobalSection(SolutionProperties) = preSolution
		HideSolutionNode = FALSE
	EndGlobalSection
EndGlobal
